
Microsoft Visual Studio Solution File, Format Version 12.00
# Visual Studio Version 17
VisualStudioVersion = 17.9.34701.34
MinimumVisualStudioVersion = 10.0.40219.1
Project("{FAE04EC0-301F-11D3-BF4B-00C04F79EFBC}") = "WebAcademy", "WebAcademy\WebAcademy.csproj", "{02F6FD09-C21C-4DFB-AE97-552416C85B93}"
EndProject
Project("{FAE04EC0-301F-11D3-BF4B-00C04F79EFBC}") = "DataAccess", "DataAccess\DataAccess.csproj", "{7641C68F-9A05-4555-B2D3-690EB446201C}"
EndProject
Global
	GlobalSection(SolutionConfigurationPlatforms) = preSolution
		Debug|Any CPU = Debug|Any CPU
		Release|Any CPU = Release|Any CPU
	EndGlobalSection
	GlobalSection(ProjectConfigurationPlatforms) = postSolution
		{02F6FD09-C21C-4DFB-AE97-552416C85B93}.Debug|Any CPU.ActiveCfg = Debug|Any CPU
		{02F6FD09-C21C-4DFB-AE97-552416C85B93}.Debug|Any CPU.Build.0 = Debug|Any CPU
		{02F6FD09-C21C-4DFB-AE97-552416C85B93}.Release|Any CPU.ActiveCfg = Release|Any CPU
		{02F6FD09-C21C-4DFB-AE97-552416C85B93}.Release|Any CPU.Build.0 = Release|Any CPU
		{7641C68F-9A05-4555-B2D3-690EB446201C}.Debug|Any CPU.ActiveCfg = Debug|Any CPU
		{7641C68F-9A05-4555-B2D3-690EB446201C}.Debug|Any CPU.Build.0 = Debug|Any CPU
		{7641C68F-9A05-4555-B2D3-690EB446201C}.Release|Any CPU.ActiveCfg = Release|Any CPU
		{7641C68F-9A05-4555-B2D3-690EB446201C}.Release|Any CPU.Build.0 = Release|Any CPU
	EndGlobalSection
	GlobalSection(SolutionProperties) = preSolution
		HideSolutionNode = FALSE
	EndGlobalSection
	GlobalSection(ExtensibilityGlobals) = postSolution
		SolutionGuid = {35409FFF-9C77-490B-ADE0-48CA652D2EC1}
	EndGlobalSection
EndGlobal
